
Microsoft Visual Studio Solution File, Format Version 12.00
# Visual Studio Version 16
VisualStudioVersion = 16.0.30621.155
MinimumVisualStudioVersion = 10.0.40219.1
Project("{FAE04EC0-301F-11D3-BF4B-00C04F79EFBC}") = "Chambify.UWP", "Chambify.UWP\Chambify.UWP.csproj", "{E6E8752F-3BD0-4461-9468-FC51D26ED245}"
EndProject
Project("{FAE04EC0-301F-11D3-BF4B-00C04F79EFBC}") = "Chambify.Android", "Chambify.Android\Chambify.Android.csproj", "{99AAC1B7-6656-49C3-BD21-6C33E67C6CBF}"
EndProject
Project("{FAE04EC0-301F-11D3-BF4B-00C04F79EFBC}") = "Chambify.iOS", "Chambify.iOS\Chambify.iOS.csproj", "{B980A45C-0134-478C-A71B-B8DFC956FC58}"
EndProject
Project("{FAE04EC0-301F-11D3-BF4B-00C04F79EFBC}") = "Chambify", "Chambify\Chambify.csproj", "{398817D3-410F-4D09-A3E0-83834B6BA2E4}"
EndProject
Global
	GlobalSection(SolutionConfigurationPlatforms) = preSolution
		Debug|Any CPU = Debug|Any CPU
		Debug|ARM = Debug|ARM
		Debug|iPhone = Debug|iPhone
		Debug|iPhoneSimulator = Debug|iPhoneSimulator
		Debug|x64 = Debug|x64
		Debug|x86 = Debug|x86
		Release|Any CPU = Release|Any CPU
		Release|ARM = Release|ARM
		Release|iPhone = Release|iPhone
		Release|iPhoneSimulator = Release|iPhoneSimulator
		Release|x64 = Release|x64
		Release|x86 = Release|x86
	EndGlobalSection
	GlobalSection(ProjectConfigurationPlatforms) = postSolution
		{E6E8752F-3BD0-4461-9468-FC51D26ED245}.Debug|Any CPU.ActiveCfg = Debug|x86
		{E6E8752F-3BD0-4461-9468-FC51D26ED245}.Debug|Any CPU.Build.0 = Debug|x86
		{E6E8752F-3BD0-4461-9468-FC51D26ED245}.Debug|Any CPU.Deploy.0 = Debug|x86
		{E6E8752F-3BD0-4461-9468-FC51D26ED245}.Debug|ARM.ActiveCfg = Debug|ARM
		{E6E8752F-3BD0-4461-9468-FC51D26ED245}.Debug|ARM.Build.0 = Debug|ARM
		{E6E8752F-3BD0-4461-9468-FC51D26ED245}.Debug|ARM.Deploy.0 = Debug|ARM
		{E6E8752F-3BD0-4461-9468-FC51D26ED245}.Debug|iPhone.ActiveCfg = Debug|x86
		{E6E8752F-3BD0-4461-9468-FC51D26ED245}.Debug|iPhone.Build.0 = Debug|x86
		{E6E8752F-3BD0-4461-9468-FC51D26ED245}.Debug|iPhone.Deploy.0 = Debug|x86
		{E6E8752F-3BD0-4461-9468-FC51D26ED245}.Debug|iPhoneSimulator.ActiveCfg = Debug|x86
		{E6E8752F-3BD0-4461-9468-FC51D26ED245}.Debug|iPhoneSimulator.Build.0 = Debug|x86
		{E6E8752F-3BD0-4461-9468-FC51D26ED245}.Debug|iPhoneSimulator.Deploy.0 = Debug|x86
		{E6E8752F-3BD0-4461-9468-FC51D26ED245}.Debug|x64.ActiveCfg = Debug|x64
		{E6E8752F-3BD0-4461-9468-FC51D26ED245}.Debug|x64.Build.0 = Debug|x64
		{E6E8752F-3BD0-4461-9468-FC51D26ED245}.Debug|x64.Deploy.0 = Debug|x64
		{E6E8752F-3BD0-4461-9468-FC51D26ED245}.Debug|x86.ActiveCfg = Debug|x86
		{E6E8752F-3BD0-4461-9468-FC51D26ED245}.Debug|x86.Build.0 = Debug|x86
		{E6E8752F-3BD0-4461-9468-FC51D26ED245}.Debug|x86.Deploy.0 = Debug|x86
		{E6E8752F-3BD0-4461-9468-FC51D26ED245}.Release|Any CPU.ActiveCfg = Release|x86
		{E6E8752F-3BD0-4461-9468-FC51D26ED245}.Release|Any CPU.Build.0 = Release|x86
		{E6E8752F-3BD0-4461-9468-FC51D26ED245}.Release|Any CPU.Deploy.0 = Release|x86
		{E6E8752F-3BD0-4461-9468-FC51D26ED245}.Release|ARM.ActiveCfg = Release|ARM
		{E6E8752F-3BD0-4461-9468-FC51D26ED245}.Release|ARM.Build.0 = Release|ARM
		{E6E8752F-3BD0-4461-9468-FC51D26ED245}.Release|ARM.Deploy.0 = Release|ARM
		{E6E8752F-3BD0-4461-9468-FC51D26ED245}.Release|iPhone.ActiveCfg = Release|x86
		{E6E8752F-3BD0-4461-9468-FC51D26ED245}.Release|iPhone.Build.0 = Release|x86
		{E6E8752F-3BD0-4461-9468-FC51D26ED245}.Release|iPhone.Deploy.0 = Release|x86
		{E6E8752F-3BD0-4461-9468-FC51D26ED245}.Release|iPhoneSimulator.ActiveCfg = Release|x86
		{E6E8752F-3BD0-4461-9468-FC51D26ED245}.Release|iPhoneSimulator.Build.0 = Release|x86
		{E6E8752F-3BD0-4461-9468-FC51D26ED245}.Release|iPhoneSimulator.Deploy.0 = Release|x86
		{E6E8752F-3BD0-4461-9468-FC51D26ED245}.Release|x64.ActiveCfg = Release|x64
		{E6E8752F-3BD0-4461-9468-FC51D26ED245}.Release|x64.Build.0 = Release|x64
		{E6E8752F-3BD0-4461-9468-FC51D26ED245}.Release|x64.Deploy.0 = Release|x64
		{E6E8752F-3BD0-4461-9468-FC51D26ED245}.Release|x86.ActiveCfg = Release|x86
		{E6E8752F-3BD0-4461-9468-FC51D26ED245}.Release|x86.Build.0 = Release|x86
		{E6E8752F-3BD0-4461-9468-FC51D26ED245}.Release|x86.Deploy.0 = Release|x86
		{99AAC1B7-6656-49C3-BD21-6C33E67C6CBF}.Debug|Any CPU.ActiveCfg = Debug|Any CPU
		{99AAC1B7-6656-49C3-BD21-6C33E67C6CBF}.Debug|Any CPU.Build.0 = Debug|Any CPU
		{99AAC1B7-6656-49C3-BD21-6C33E67C6CBF}.Debug|Any CPU.Deploy.0 = Debug|Any CPU
		{99AAC1B7-6656-49C3-BD21-6C33E67C6CBF}.Debug|ARM.ActiveCfg = Debug|Any CPU
		{99AAC1B7-6656-49C3-BD21-6C33E67C6CBF}.Debug|ARM.Build.0 = Debug|Any CPU
		{99AAC1B7-6656-49C3-BD21-6C33E67C6CBF}.Debug|ARM.Deploy.0 = Debug|Any CPU
		{99AAC1B7-6656-49C3-BD21-6C33E67C6CBF}.Debug|iPhone.ActiveCfg = Debug|Any CPU
		{99AAC1B7-6656-49C3-BD21-6C33E67C6CBF}.Debug|iPhone.Build.0 = Debug|Any CPU
		{99AAC1B7-6656-49C3-BD21-6C33E67C6CBF}.Debug|iPhone.Deploy.0 = Debug|Any CPU
		{99AAC1B7-6656-49C3-BD21-6C33E67C6CBF}.Debug|iPhoneSimulator.ActiveCfg = Debug|Any CPU
		{99AAC1B7-6656-49C3-BD21-6C33E67C6CBF}.Debug|iPhoneSimulator.Build.0 = Debug|Any CPU
		{99AAC1B7-6656-49C3-BD21-6C33E67C6CBF}.Debug|iPhoneSimulator.Deploy.0 = Debug|Any CPU
		{99AAC1B7-6656-49C3-BD21-6C33E67C6CBF}.Debug|x64.ActiveCfg = Debug|Any CPU
		{99AAC1B7-6656-49C3-BD21-6C33E67C6CBF}.Debug|x64.Build.0 = Debug|Any CPU
		{99AAC1B7-6656-49C3-BD21-6C33E67C6CBF}.Debug|x64.Deploy.0 = Debug|Any CPU
		{99AAC1B7-6656-49C3-BD21-6C33E67C6CBF}.Debug|x86.ActiveCfg = Debug|Any CPU
		{99AAC1B7-6656-49C3-BD21-6C33E67C6CBF}.Debug|x86.Build.0 = Debug|Any CPU
		{99AAC1B7-6656-49C3-BD21-6C33E67C6CBF}.Debug|x86.Deploy.0 = Debug|Any CPU
		{99AAC1B7-6656-49C3-BD21-6C33E67C6CBF}.Release|Any CPU.ActiveCfg = Release|Any CPU
		{99AAC1B7-6656-49C3-BD21-6C33E67C6CBF}.Release|Any CPU.Build.0 = Release|Any CPU
		{99AAC1B7-6656-49C3-BD21-6C33E67C6CBF}.Release|Any CPU.Deploy.0 = Release|Any CPU
		{99AAC1B7-6656-49C3-BD21-6C33E67C6CBF}.Release|ARM.ActiveCfg = Release|Any CPU
		{99AAC1B7-6656-49C3-BD21-6C33E67C6CBF}.Release|ARM.Build.0 = Release|Any CPU
		{99AAC1B7-6656-49C3-BD21-6C33E67C6CBF}.Release|ARM.Deploy.0 = Release|Any CPU
		{99AAC1B7-6656-49C3-BD21-6C33E67C6CBF}.Release|iPhone.ActiveCfg = Release|Any CPU
		{99AAC1B7-6656-49C3-BD21-6C33E67C6CBF}.Release|iPhone.Build.0 = Release|Any CPU
		{99AAC1B7-6656-49C3-BD21-6C33E67C6CBF}.Release|iPhone.Deploy.0 = Release|Any CPU
		{99AAC1B7-6656-49C3-BD21-6C33E67C6CBF}.Release|iPhoneSimulator.ActiveCfg = Release|Any CPU
		{99AAC1B7-6656-49C3-BD21-6C33E67C6CBF}.Release|iPhoneSimulator.Build.0 = Release|Any CPU
		{99AAC1B7-6656-49C3-BD21-6C33E67C6CBF}.Release|iPhoneSimulator.Deploy.0 = Release|Any CPU
		{99AAC1B7-6656-49C3-BD21-6C33E67C6CBF}.Release|x64.ActiveCfg = Release|Any CPU
		{99AAC1B7-6656-49C3-BD21-6C33E67C6CBF}.Release|x64.Build.0 = Release|Any CPU
		{99AAC1B7-6656-49C3-BD21-6C33E67C6CBF}.Release|x64.Deploy.0 = Release|Any CPU
		{99AAC1B7-6656-49C3-BD21-6C33E67C6CBF}.Release|x86.ActiveCfg = Release|Any CPU
		{99AAC1B7-6656-49C3-BD21-6C33E67C6CBF}.Release|x86.Build.0 = Release|Any CPU
		{99AAC1B7-6656-49C3-BD21-6C33E67C6CBF}.Release|x86.Deploy.0 = Release|Any CPU
		{B980A45C-0134-478C-A71B-B8DFC956FC58}.Debug|Any CPU.ActiveCfg = Debug|iPhoneSimulator
		{B980A45C-0134-478C-A71B-B8DFC956FC58}.Debug|Any CPU.Build.0 = Debug|iPhoneSimulator
		{B980A45C-0134-478C-A71B-B8DFC956FC58}.Debug|Any CPU.Deploy.0 = Debug|iPhoneSimulator
		{B980A45C-0134-478C-A71B-B8DFC956FC58}.Debug|ARM.ActiveCfg = Debug|iPhone
		{B980A45C-0134-478C-A71B-B8DFC956FC58}.Debug|ARM.Build.0 = Debug|iPhone
		{B980A45C-0134-478C-A71B-B8DFC956FC58}.Debug|ARM.Deploy.0 = Debug|iPhone
		{B980A45C-0134-478C-A71B-B8DFC956FC58}.Debug|iPhone.ActiveCfg = Debug|iPhone
		{B980A45C-0134-478C-A71B-B8DFC956FC58}.Debug|iPhone.Build.0 = Debug|iPhone
		{B980A45C-0134-478C-A71B-B8DFC956FC58}.Debug|iPhone.Deploy.0 = Debug|iPhone
		{B980A45C-0134-478C-A71B-B8DFC956FC58}.Debug|iPhoneSimulator.ActiveCfg = Debug|iPhoneSimulator
		{B980A45C-0134-478C-A71B-B8DFC956FC58}.Debug|iPhoneSimulator.Build.0 = Debug|iPhoneSimulator
		{B980A45C-0134-478C-A71B-B8DFC956FC58}.Debug|iPhoneSimulator.Deploy.0 = Debug|iPhoneSimulator
		{B980A45C-0134-478C-A71B-B8DFC956FC58}.Debug|x64.ActiveCfg = Debug|iPhoneSimulator
		{B980A45C-0134-478C-A71B-B8DFC956FC58}.Debug|x64.Build.0 = Debug|iPhoneSimulator
		{B980A45C-0134-478C-A71B-B8DFC956FC58}.Debug|x64.Deploy.0 = Debug|iPhoneSimulator
		{B980A45C-0134-478C-A71B-B8DFC956FC58}.Debug|x86.ActiveCfg = Debug|iPhoneSimulator
		{B980A45C-0134-478C-A71B-B8DFC956FC58}.Debug|x86.Build.0 = Debug|iPhoneSimulator
		{B980A45C-0134-478C-A71B-B8DFC956FC58}.Debug|x86.Deploy.0 = Debug|iPhoneSimulator
		{B980A45C-0134-478C-A71B-B8DFC956FC58}.Release|Any CPU.ActiveCfg = Release|iPhoneSimulator
		{B980A45C-0134-478C-A71B-B8DFC956FC58}.Release|Any CPU.Build.0 = Release|iPhoneSimulator
		{B980A45C-0134-478C-A71B-B8DFC956FC58}.Release|Any CPU.Deploy.0 = Release|iPhoneSimulator
		{B980A45C-0134-478C-A71B-B8DFC956FC58}.Release|ARM.ActiveCfg = Release|iPhoneSimulator
		{B980A45C-0134-478C-A71B-B8DFC956FC58}.Release|ARM.Build.0 = Release|iPhoneSimulator
		{B980A45C-0134-478C-A71B-B8DFC956FC58}.Release|ARM.Deploy.0 = Release|iPhoneSimulator
		{B980A45C-0134-478C-A71B-B8DFC956FC58}.Release|iPhone.ActiveCfg = Release|iPhone
		{B980A45C-0134-478C-A71B-B8DFC956FC58}.Release|iPhone.Build.0 = Release|iPhone
		{B980A45C-0134-478C-A71B-B8DFC956FC58}.Release|iPhone.Deploy.0 = Release|iPhone
		{B980A45C-0134-478C-A71B-B8DFC956FC58}.Release|iPhoneSimulator.ActiveCfg = Release|iPhoneSimulator
		{B980A45C-0134-478C-A71B-B8DFC956FC58}.Release|iPhoneSimulator.Build.0 = Release|iPhoneSimulator
		{B980A45C-0134-478C-A71B-B8DFC956FC58}.Release|iPhoneSimulator.Deploy.0 = Release|iPhoneSimulator
		{B980A45C-0134-478C-A71B-B8DFC956FC58}.Release|x64.ActiveCfg = Release|iPhoneSimulator
		{B980A45C-0134-478C-A71B-B8DFC956FC58}.Release|x64.Build.0 = Release|iPhoneSimulator
		{B980A45C-0134-478C-A71B-B8DFC956FC58}.Release|x64.Deploy.0 = Release|iPhoneSimulator
		{B980A45C-0134-478C-A71B-B8DFC956FC58}.Release|x86.ActiveCfg = Release|iPhoneSimulator
		{B980A45C-0134-478C-A71B-B8DFC956FC58}.Release|x86.Build.0 = Release|iPhoneSimulator
		{B980A45C-0134-478C-A71B-B8DFC956FC58}.Release|x86.Deploy.0 = Release|iPhoneSimulator
		{398817D3-410F-4D09-A3E0-83834B6BA2E4}.Debug|Any CPU.ActiveCfg = Debug|Any CPU
		{398817D3-410F-4D09-A3E0-83834B6BA2E4}.Debug|Any CPU.Build.0 = Debug|Any CPU
		{398817D3-410F-4D09-A3E0-83834B6BA2E4}.Debug|Any CPU.Deploy.0 = Debug|Any CPU
		{398817D3-410F-4D09-A3E0-83834B6BA2E4}.Debug|ARM.ActiveCfg = Debug|Any CPU
		{398817D3-410F-4D09-A3E0-83834B6BA2E4}.Debug|ARM.Build.0 = Debug|Any CPU
		{398817D3-410F-4D09-A3E0-83834B6BA2E4}.Debug|ARM.Deploy.0 = Debug|Any CPU
		{398817D3-410F-4D09-A3E0-83834B6BA2E4}.Debug|iPhone.ActiveCfg = Debug|Any CPU
		{398817D3-410F-4D09-A3E0-83834B6BA2E4}.Debug|iPhone.Build.0 = Debug|Any CPU
		{398817D3-410F-4D09-A3E0-83834B6BA2E4}.Debug|iPhone.Deploy.0 = Debug|Any CPU
		{398817D3-410F-4D09-A3E0-83834B6BA2E4}.Debug|iPhoneSimulator.ActiveCfg = Debug|Any CPU
		{398817D3-410F-4D09-A3E0-83834B6BA2E4}.Debug|iPhoneSimulator.Build.0 = Debug|Any CPU
		{398817D3-410F-4D09-A3E0-83834B6BA2E4}.Debug|iPhoneSimulator.Deploy.0 = Debug|Any CPU
		{398817D3-410F-4D09-A3E0-83834B6BA2E4}.Debug|x64.ActiveCfg = Debug|Any CPU
		{398817D3-410F-4D09-A3E0-83834B6BA2E4}.Debug|x64.Build.0 = Debug|Any CPU
		{398817D3-410F-4D09-A3E0-83834B6BA2E4}.Debug|x64.Deploy.0 = Debug|Any CPU
		{398817D3-410F-4D09-A3E0-83834B6BA2E4}.Debug|x86.ActiveCfg = Debug|Any CPU
		{398817D3-410F-4D09-A3E0-83834B6BA2E4}.Debug|x86.Build.0 = Debug|Any CPU
		{398817D3-410F-4D09-A3E0-83834B6BA2E4}.Debug|x86.Deploy.0 = Debug|Any CPU
		{398817D3-410F-4D09-A3E0-83834B6BA2E4}.Release|Any CPU.ActiveCfg = Release|Any CPU
		{398817D3-410F-4D09-A3E0-83834B6BA2E4}.Release|Any CPU.Build.0 = Release|Any CPU
		{398817D3-410F-4D09-A3E0-83834B6BA2E4}.Release|Any CPU.Deploy.0 = Release|Any CPU
		{398817D3-410F-4D09-A3E0-83834B6BA2E4}.Release|ARM.ActiveCfg = Release|Any CPU
		{398817D3-410F-4D09-A3E0-83834B6BA2E4}.Release|ARM.Build.0 = Release|Any CPU
		{398817D3-410F-4D09-A3E0-83834B6BA2E4}.Release|ARM.Deploy.0 = Release|Any CPU
		{398817D3-410F-4D09-A3E0-83834B6BA2E4}.Release|iPhone.ActiveCfg = Release|Any CPU
		{398817D3-410F-4D09-A3E0-83834B6BA2E4}.Release|iPhone.Build.0 = Release|Any CPU
		{398817D3-410F-4D09-A3E0-83834B6BA2E4}.Release|iPhone.Deploy.0 = Release|Any CPU
		{398817D3-410F-4D09-A3E0-83834B6BA2E4}.Release|iPhoneSimulator.ActiveCfg = Release|Any CPU
		{398817D3-410F-4D09-A3E0-83834B6BA2E4}.Release|iPhoneSimulator.Build.0 = Release|Any CPU
		{398817D3-410F-4D09-A3E0-83834B6BA2E4}.Release|iPhoneSimulator.Deploy.0 = Release|Any CPU
		{398817D3-410F-4D09-A3E0-83834B6BA2E4}.Release|x64.ActiveCfg = Release|Any CPU
		{398817D3-410F-4D09-A3E0-83834B6BA2E4}.Release|x64.Build.0 = Release|Any CPU
		{398817D3-410F-4D09-A3E0-83834B6BA2E4}.Release|x64.Deploy.0 = Release|Any CPU
		{398817D3-410F-4D09-A3E0-83834B6BA2E4}.Release|x86.ActiveCfg = Release|Any CPU
		{398817D3-410F-4D09-A3E0-83834B6BA2E4}.Release|x86.Build.0 = Release|Any CPU
		{398817D3-410F-4D09-A3E0-83834B6BA2E4}.Release|x86.Deploy.0 = Release|Any CPU
	EndGlobalSection
	GlobalSection(SolutionProperties) = preSolution
		HideSolutionNode = FALSE
	EndGlobalSection
	GlobalSection(ExtensibilityGlobals) = postSolution
		SolutionGuid = {CDF623C2-43A0-43C8-BA2D-20A0DCFD611F}
	EndGlobalSection
EndGlobal
